
Microsoft Visual Studio Solution File, Format Version 12.00
# Visual Studio 15
VisualStudioVersion = 15.0.27703.2042
MinimumVisualStudioVersion = 10.0.40219.1
Project("{FAE04EC0-301F-11D3-BF4B-00C04F79EFBC}") = "ContactUs", "ContactUs\ContactUs.csproj", "{E0522BC8-259A-4E4E-B389-861BB1390630}"
EndProject
Global
	GlobalSection(SolutionConfigurationPlatforms) = preSolution
		Debug|Any CPU = Debug|Any CPU
		Release|Any CPU = Release|Any CPU
	EndGlobalSection
	GlobalSection(ProjectConfigurationPlatforms) = postSolution
		{E0522BC8-259A-4E4E-B389-861BB1390630}.Debug|Any CPU.ActiveCfg = Debug|Any CPU
		{E0522BC8-259A-4E4E-B389-861BB1390630}.Debug|Any CPU.Build.0 = Debug|Any CPU
		{E0522BC8-259A-4E4E-B389-861BB1390630}.Release|Any CPU.ActiveCfg = Release|Any CPU
		{E0522BC8-259A-4E4E-B389-861BB1390630}.Release|Any CPU.Build.0 = Release|Any CPU
	EndGlobalSection
	GlobalSection(SolutionProperties) = preSolution
		HideSolutionNode = FALSE
	EndGlobalSection
	GlobalSection(ExtensibilityGlobals) = postSolution
		SolutionGuid = {C3B2B818-571B-416D-8208-FEB0FA7C7583}
	EndGlobalSection
EndGlobal
